
Microsoft Visual Studio Solution File, Format Version 12.00
# Visual Studio Express 15 for Windows Desktop
VisualStudioVersion = 15.0.28307.779
MinimumVisualStudioVersion = 10.0.40219.1
Project("{8BC9CEB8-8B4A-11D0-8D11-00A0C91BC942}") = "acmicpc1012", "acmicpc1012\acmicpc1012.vcxproj", "{9DA48C58-507D-4C4C-8492-0DFC73A6E9DA}"
EndProject
Global
	GlobalSection(SolutionConfigurationPlatforms) = preSolution
		Debug|x64 = Debug|x64
		Debug|x86 = Debug|x86
		Release|x64 = Release|x64
		Release|x86 = Release|x86
	EndGlobalSection
	GlobalSection(ProjectConfigurationPlatforms) = postSolution
		{9DA48C58-507D-4C4C-8492-0DFC73A6E9DA}.Debug|x64.ActiveCfg = Debug|x64
		{9DA48C58-507D-4C4C-8492-0DFC73A6E9DA}.Debug|x64.Build.0 = Debug|x64
		{9DA48C58-507D-4C4C-8492-0DFC73A6E9DA}.Debug|x86.ActiveCfg = Debug|Win32
		{9DA48C58-507D-4C4C-8492-0DFC73A6E9DA}.Debug|x86.Build.0 = Debug|Win32
		{9DA48C58-507D-4C4C-8492-0DFC73A6E9DA}.Release|x64.ActiveCfg = Release|x64
		{9DA48C58-507D-4C4C-8492-0DFC73A6E9DA}.Release|x64.Build.0 = Release|x64
		{9DA48C58-507D-4C4C-8492-0DFC73A6E9DA}.Release|x86.ActiveCfg = Release|Win32
		{9DA48C58-507D-4C4C-8492-0DFC73A6E9DA}.Release|x86.Build.0 = Release|Win32
	EndGlobalSection
	GlobalSection(SolutionProperties) = preSolution
		HideSolutionNode = FALSE
	EndGlobalSection
	GlobalSection(ExtensibilityGlobals) = postSolution
		SolutionGuid = {63F7DC9E-3161-480D-813A-28CDB438B1DB}
	EndGlobalSection
EndGlobal
