
Microsoft Visual Studio Solution File, Format Version 12.00
# Visual Studio Express 15 for Windows Desktop
VisualStudioVersion = 15.0.28307.779
MinimumVisualStudioVersion = 10.0.40219.1
Project("{8BC9CEB8-8B4A-11D0-8D11-00A0C91BC942}") = "acmicpc1260", "acmicpc1260\acmicpc1260.vcxproj", "{634003C8-1D58-4D42-B6FD-6AF11591CAA3}"
EndProject
Global
	GlobalSection(SolutionConfigurationPlatforms) = preSolution
		Debug|x64 = Debug|x64
		Debug|x86 = Debug|x86
		Release|x64 = Release|x64
		Release|x86 = Release|x86
	EndGlobalSection
	GlobalSection(ProjectConfigurationPlatforms) = postSolution
		{634003C8-1D58-4D42-B6FD-6AF11591CAA3}.Debug|x64.ActiveCfg = Debug|x64
		{634003C8-1D58-4D42-B6FD-6AF11591CAA3}.Debug|x64.Build.0 = Debug|x64
		{634003C8-1D58-4D42-B6FD-6AF11591CAA3}.Debug|x86.ActiveCfg = Debug|Win32
		{634003C8-1D58-4D42-B6FD-6AF11591CAA3}.Debug|x86.Build.0 = Debug|Win32
		{634003C8-1D58-4D42-B6FD-6AF11591CAA3}.Release|x64.ActiveCfg = Release|x64
		{634003C8-1D58-4D42-B6FD-6AF11591CAA3}.Release|x64.Build.0 = Release|x64
		{634003C8-1D58-4D42-B6FD-6AF11591CAA3}.Release|x86.ActiveCfg = Release|Win32
		{634003C8-1D58-4D42-B6FD-6AF11591CAA3}.Release|x86.Build.0 = Release|Win32
	EndGlobalSection
	GlobalSection(SolutionProperties) = preSolution
		HideSolutionNode = FALSE
	EndGlobalSection
	GlobalSection(ExtensibilityGlobals) = postSolution
		SolutionGuid = {5305FC18-263B-4AEE-94D8-881EC089A45C}
	EndGlobalSection
EndGlobal
