
Microsoft Visual Studio Solution File, Format Version 12.00
# Visual Studio Express 15 for Windows Desktop
VisualStudioVersion = 15.0.28307.779
MinimumVisualStudioVersion = 10.0.40219.1
Project("{8BC9CEB8-8B4A-11D0-8D11-00A0C91BC942}") = "acmicpc1520_내리막길", "acmicpc1520_내리막길\acmicpc1520_내리막길.vcxproj", "{87D5674F-8341-4C99-B989-DAAD19F1E2CA}"
EndProject
Global
	GlobalSection(SolutionConfigurationPlatforms) = preSolution
		Debug|x64 = Debug|x64
		Debug|x86 = Debug|x86
		Release|x64 = Release|x64
		Release|x86 = Release|x86
	EndGlobalSection
	GlobalSection(ProjectConfigurationPlatforms) = postSolution
		{87D5674F-8341-4C99-B989-DAAD19F1E2CA}.Debug|x64.ActiveCfg = Debug|x64
		{87D5674F-8341-4C99-B989-DAAD19F1E2CA}.Debug|x64.Build.0 = Debug|x64
		{87D5674F-8341-4C99-B989-DAAD19F1E2CA}.Debug|x86.ActiveCfg = Debug|Win32
		{87D5674F-8341-4C99-B989-DAAD19F1E2CA}.Debug|x86.Build.0 = Debug|Win32
		{87D5674F-8341-4C99-B989-DAAD19F1E2CA}.Release|x64.ActiveCfg = Release|x64
		{87D5674F-8341-4C99-B989-DAAD19F1E2CA}.Release|x64.Build.0 = Release|x64
		{87D5674F-8341-4C99-B989-DAAD19F1E2CA}.Release|x86.ActiveCfg = Release|Win32
		{87D5674F-8341-4C99-B989-DAAD19F1E2CA}.Release|x86.Build.0 = Release|Win32
	EndGlobalSection
	GlobalSection(SolutionProperties) = preSolution
		HideSolutionNode = FALSE
	EndGlobalSection
	GlobalSection(ExtensibilityGlobals) = postSolution
		SolutionGuid = {C3621B52-586F-444E-9A69-1D65B5308A3F}
	EndGlobalSection
EndGlobal
