
Microsoft Visual Studio Solution File, Format Version 12.00
# Visual Studio Express 15 for Windows Desktop
VisualStudioVersion = 15.0.28307.779
MinimumVisualStudioVersion = 10.0.40219.1
Project("{8BC9CEB8-8B4A-11D0-8D11-00A0C91BC942}") = "acmicpc2630", "acmicpc2630\acmicpc2630.vcxproj", "{F941A424-DF80-48D8-898E-78BF70AFBF1F}"
EndProject
Global
	GlobalSection(SolutionConfigurationPlatforms) = preSolution
		Debug|x64 = Debug|x64
		Debug|x86 = Debug|x86
		Release|x64 = Release|x64
		Release|x86 = Release|x86
	EndGlobalSection
	GlobalSection(ProjectConfigurationPlatforms) = postSolution
		{F941A424-DF80-48D8-898E-78BF70AFBF1F}.Debug|x64.ActiveCfg = Debug|x64
		{F941A424-DF80-48D8-898E-78BF70AFBF1F}.Debug|x64.Build.0 = Debug|x64
		{F941A424-DF80-48D8-898E-78BF70AFBF1F}.Debug|x86.ActiveCfg = Debug|Win32
		{F941A424-DF80-48D8-898E-78BF70AFBF1F}.Debug|x86.Build.0 = Debug|Win32
		{F941A424-DF80-48D8-898E-78BF70AFBF1F}.Release|x64.ActiveCfg = Release|x64
		{F941A424-DF80-48D8-898E-78BF70AFBF1F}.Release|x64.Build.0 = Release|x64
		{F941A424-DF80-48D8-898E-78BF70AFBF1F}.Release|x86.ActiveCfg = Release|Win32
		{F941A424-DF80-48D8-898E-78BF70AFBF1F}.Release|x86.Build.0 = Release|Win32
	EndGlobalSection
	GlobalSection(SolutionProperties) = preSolution
		HideSolutionNode = FALSE
	EndGlobalSection
	GlobalSection(ExtensibilityGlobals) = postSolution
		SolutionGuid = {4AE928F7-E224-419E-BC89-342B147E9C55}
	EndGlobalSection
EndGlobal
